
Microsoft Visual Studio Solution File, Format Version 12.00
# Visual Studio 15
VisualStudioVersion = 15.0.28307.421
MinimumVisualStudioVersion = 10.0.40219.1
Project("{2150E333-8FDC-42A3-9474-1A3956D46DE8}") = "0_thirdparty", "0_thirdparty", "{03920BA4-47D2-42F9-A109-F0BACE262A8D}"
EndProject
Project("{2150E333-8FDC-42A3-9474-1A3956D46DE8}") = "1_demo", "1_demo", "{10EFE0B3-E62C-4767-8282-43E6BEC7EC32}"
EndProject
Project("{8BC9CEB8-8B4A-11D0-8D11-00A0C91BC942}") = "loader_example", "demo\loader_example\loader_example.vcxproj", "{C75E6FF7-6711-3666-82CA-3CC067B79708}"
	ProjectSection(ProjectDependencies) = postProject
		{51A05965-5357-391F-BF7D-356F2375E194} = {51A05965-5357-391F-BF7D-356F2375E194}
	EndProjectSection
EndProject
Project("{8BC9CEB8-8B4A-11D0-8D11-00A0C91BC942}") = "libtinygltf", "thirdparty\tinygltf-2.8.9\libtinygltf.vcxproj", "{51A05965-5357-391F-BF7D-356F2375E194}"
EndProject
Project("{8BC9CEB8-8B4A-11D0-8D11-00A0C91BC942}") = "create_triangle_gltf", "demo\build-gltf\create_triangle_gltf.vcxproj", "{02443E1E-E9D9-4D06-BCEA-7A8183BB0A7D}"
EndProject
Project("{8BC9CEB8-8B4A-11D0-8D11-00A0C91BC942}") = "basic", "demo\basic\basic.vcxproj", "{4F675E23-4D97-4DC6-AC12-0386ACF21A4C}"
	ProjectSection(ProjectDependencies) = postProject
		{664E6F0D-6784-4760-9565-D54F8EB1EDF4} = {664E6F0D-6784-4760-9565-D54F8EB1EDF4}
		{51A05965-5357-391F-BF7D-356F2375E194} = {51A05965-5357-391F-BF7D-356F2375E194}
		{EB5B85DD-B07F-496D-9A28-4E7B42BC7576} = {EB5B85DD-B07F-496D-9A28-4E7B42BC7576}
	EndProjectSection
EndProject
Project("{8BC9CEB8-8B4A-11D0-8D11-00A0C91BC942}") = "libglfw", "thirdparty\glfw-3.3.7\libglfw.vcxproj", "{EB5B85DD-B07F-496D-9A28-4E7B42BC7576}"
EndProject
Project("{8BC9CEB8-8B4A-11D0-8D11-00A0C91BC942}") = "libglew", "thirdparty\glew-2.2.0\libglew.vcxproj", "{664E6F0D-6784-4760-9565-D54F8EB1EDF4}"
EndProject
Project("{8BC9CEB8-8B4A-11D0-8D11-00A0C91BC942}") = "glew", "thirdparty\glew-2.2.0\glew.vcxproj", "{55AE3D72-7DE6-F19F-AEF2-9AE8CA26CF3D}"
EndProject
Project("{2150E333-8FDC-42A3-9474-1A3956D46DE8}") = "0_lib", "0_lib", "{9F285E11-8863-4F37-A78D-9DCA0277756A}"
EndProject
Project("{2150E333-8FDC-42A3-9474-1A3956D46DE8}") = "1_dll", "1_dll", "{F1536EDF-38BA-4505-B827-D3F467A99B0E}"
EndProject
Project("{8BC9CEB8-8B4A-11D0-8D11-00A0C91BC942}") = "glfw", "thirdparty\glfw-3.3.7\glfw.vcxproj", "{F47A40AA-4671-31D5-B73E-BF17FCA47C86}"
EndProject
Project("{8BC9CEB8-8B4A-11D0-8D11-00A0C91BC942}") = "glm", "thirdparty\glm-0.9.9.8\glm\glm.vcxproj", "{C66F3BD8-E387-34DF-A2E7-4B992BA41C4F}"
EndProject
Project("{8BC9CEB8-8B4A-11D0-8D11-00A0C91BC942}") = "libglm", "thirdparty\glm-0.9.9.8\glm\libglm.vcxproj", "{12056F94-6EFA-38A7-82CD-5B4D0A7A26C7}"
EndProject
Global
	GlobalSection(SolutionConfigurationPlatforms) = preSolution
		Debug|x64 = Debug|x64
		Release|x64 = Release|x64
	EndGlobalSection
	GlobalSection(ProjectConfigurationPlatforms) = postSolution
		{C75E6FF7-6711-3666-82CA-3CC067B79708}.Debug|x64.ActiveCfg = Debug|x64
		{C75E6FF7-6711-3666-82CA-3CC067B79708}.Debug|x64.Build.0 = Debug|x64
		{C75E6FF7-6711-3666-82CA-3CC067B79708}.Release|x64.ActiveCfg = Release|x64
		{C75E6FF7-6711-3666-82CA-3CC067B79708}.Release|x64.Build.0 = Release|x64
		{51A05965-5357-391F-BF7D-356F2375E194}.Debug|x64.ActiveCfg = Debug|x64
		{51A05965-5357-391F-BF7D-356F2375E194}.Debug|x64.Build.0 = Debug|x64
		{51A05965-5357-391F-BF7D-356F2375E194}.Release|x64.ActiveCfg = Release|x64
		{51A05965-5357-391F-BF7D-356F2375E194}.Release|x64.Build.0 = Release|x64
		{02443E1E-E9D9-4D06-BCEA-7A8183BB0A7D}.Debug|x64.ActiveCfg = Debug|x64
		{02443E1E-E9D9-4D06-BCEA-7A8183BB0A7D}.Debug|x64.Build.0 = Debug|x64
		{02443E1E-E9D9-4D06-BCEA-7A8183BB0A7D}.Release|x64.ActiveCfg = Release|x64
		{02443E1E-E9D9-4D06-BCEA-7A8183BB0A7D}.Release|x64.Build.0 = Release|x64
		{4F675E23-4D97-4DC6-AC12-0386ACF21A4C}.Debug|x64.ActiveCfg = Debug|x64
		{4F675E23-4D97-4DC6-AC12-0386ACF21A4C}.Debug|x64.Build.0 = Debug|x64
		{4F675E23-4D97-4DC6-AC12-0386ACF21A4C}.Release|x64.ActiveCfg = Release|x64
		{4F675E23-4D97-4DC6-AC12-0386ACF21A4C}.Release|x64.Build.0 = Release|x64
		{EB5B85DD-B07F-496D-9A28-4E7B42BC7576}.Debug|x64.ActiveCfg = Debug|x64
		{EB5B85DD-B07F-496D-9A28-4E7B42BC7576}.Debug|x64.Build.0 = Debug|x64
		{EB5B85DD-B07F-496D-9A28-4E7B42BC7576}.Release|x64.ActiveCfg = Release|x64
		{EB5B85DD-B07F-496D-9A28-4E7B42BC7576}.Release|x64.Build.0 = Release|x64
		{664E6F0D-6784-4760-9565-D54F8EB1EDF4}.Debug|x64.ActiveCfg = Debug|x64
		{664E6F0D-6784-4760-9565-D54F8EB1EDF4}.Debug|x64.Build.0 = Debug|x64
		{664E6F0D-6784-4760-9565-D54F8EB1EDF4}.Release|x64.ActiveCfg = Release|x64
		{664E6F0D-6784-4760-9565-D54F8EB1EDF4}.Release|x64.Build.0 = Release|x64
		{55AE3D72-7DE6-F19F-AEF2-9AE8CA26CF3D}.Debug|x64.ActiveCfg = Debug|x64
		{55AE3D72-7DE6-F19F-AEF2-9AE8CA26CF3D}.Debug|x64.Build.0 = Debug|x64
		{55AE3D72-7DE6-F19F-AEF2-9AE8CA26CF3D}.Release|x64.ActiveCfg = Release|x64
		{55AE3D72-7DE6-F19F-AEF2-9AE8CA26CF3D}.Release|x64.Build.0 = Release|x64
		{F47A40AA-4671-31D5-B73E-BF17FCA47C86}.Debug|x64.ActiveCfg = Debug|x64
		{F47A40AA-4671-31D5-B73E-BF17FCA47C86}.Debug|x64.Build.0 = Debug|x64
		{F47A40AA-4671-31D5-B73E-BF17FCA47C86}.Release|x64.ActiveCfg = Release|x64
		{F47A40AA-4671-31D5-B73E-BF17FCA47C86}.Release|x64.Build.0 = Release|x64
		{C66F3BD8-E387-34DF-A2E7-4B992BA41C4F}.Debug|x64.ActiveCfg = Debug|x64
		{C66F3BD8-E387-34DF-A2E7-4B992BA41C4F}.Debug|x64.Build.0 = Debug|x64
		{C66F3BD8-E387-34DF-A2E7-4B992BA41C4F}.Release|x64.ActiveCfg = Release|x64
		{C66F3BD8-E387-34DF-A2E7-4B992BA41C4F}.Release|x64.Build.0 = Release|x64
		{12056F94-6EFA-38A7-82CD-5B4D0A7A26C7}.Debug|x64.ActiveCfg = Debug|x64
		{12056F94-6EFA-38A7-82CD-5B4D0A7A26C7}.Debug|x64.Build.0 = Debug|x64
		{12056F94-6EFA-38A7-82CD-5B4D0A7A26C7}.Release|x64.ActiveCfg = Release|x64
		{12056F94-6EFA-38A7-82CD-5B4D0A7A26C7}.Release|x64.Build.0 = Release|x64
	EndGlobalSection
	GlobalSection(SolutionProperties) = preSolution
		HideSolutionNode = FALSE
	EndGlobalSection
	GlobalSection(NestedProjects) = preSolution
		{C75E6FF7-6711-3666-82CA-3CC067B79708} = {10EFE0B3-E62C-4767-8282-43E6BEC7EC32}
		{51A05965-5357-391F-BF7D-356F2375E194} = {9F285E11-8863-4F37-A78D-9DCA0277756A}
		{02443E1E-E9D9-4D06-BCEA-7A8183BB0A7D} = {10EFE0B3-E62C-4767-8282-43E6BEC7EC32}
		{4F675E23-4D97-4DC6-AC12-0386ACF21A4C} = {10EFE0B3-E62C-4767-8282-43E6BEC7EC32}
		{EB5B85DD-B07F-496D-9A28-4E7B42BC7576} = {9F285E11-8863-4F37-A78D-9DCA0277756A}
		{664E6F0D-6784-4760-9565-D54F8EB1EDF4} = {9F285E11-8863-4F37-A78D-9DCA0277756A}
		{55AE3D72-7DE6-F19F-AEF2-9AE8CA26CF3D} = {F1536EDF-38BA-4505-B827-D3F467A99B0E}
		{9F285E11-8863-4F37-A78D-9DCA0277756A} = {03920BA4-47D2-42F9-A109-F0BACE262A8D}
		{F1536EDF-38BA-4505-B827-D3F467A99B0E} = {03920BA4-47D2-42F9-A109-F0BACE262A8D}
		{F47A40AA-4671-31D5-B73E-BF17FCA47C86} = {F1536EDF-38BA-4505-B827-D3F467A99B0E}
		{C66F3BD8-E387-34DF-A2E7-4B992BA41C4F} = {F1536EDF-38BA-4505-B827-D3F467A99B0E}
		{12056F94-6EFA-38A7-82CD-5B4D0A7A26C7} = {9F285E11-8863-4F37-A78D-9DCA0277756A}
	EndGlobalSection
	GlobalSection(ExtensibilityGlobals) = postSolution
		SolutionGuid = {0A8CEE52-492A-4393-9DD8-1A14948800DE}
	EndGlobalSection
EndGlobal
